
Microsoft Visual Studio Solution File, Format Version 12.00
# Visual Studio Version 17
VisualStudioVersion = 17.8.34601.278
MinimumVisualStudioVersion = 10.0.40219.1
Project("{9A19103F-16F7-4668-BE54-9A1E7A4F7556}") = "ListenerAPI", "ListenerAPI\ListenerAPI.csproj", "{79F04676-BBD8-4454-A9DD-37D87E8A57B5}"
EndProject
Project("{9A19103F-16F7-4668-BE54-9A1E7A4F7556}") = "Job", "Job\Job.csproj", "{A07EC7AA-92E3-4BE4-80D6-A3635750915C}"
EndProject
Project("{9A19103F-16F7-4668-BE54-9A1E7A4F7556}") = "WorkerJob", "WorkerJob\WorkerJob.csproj", "{0644E02B-E92B-400F-88DF-A7663C6DB68A}"
EndProject
Project("{2150E333-8FDC-42A3-9474-1A3956D46DE8}") = "Solution Items", "Solution Items", "{B303F1DB-ED46-478B-BF22-9DA5EFF23305}"
	ProjectSection(SolutionItems) = preProject
		.editorconfig = .editorconfig
	EndProjectSection
EndProject
Global
	GlobalSection(SolutionConfigurationPlatforms) = preSolution
		Debug|Any CPU = Debug|Any CPU
		Release|Any CPU = Release|Any CPU
	EndGlobalSection
	GlobalSection(ProjectConfigurationPlatforms) = postSolution
		{79F04676-BBD8-4454-A9DD-37D87E8A57B5}.Debug|Any CPU.ActiveCfg = Debug|Any CPU
		{79F04676-BBD8-4454-A9DD-37D87E8A57B5}.Debug|Any CPU.Build.0 = Debug|Any CPU
		{79F04676-BBD8-4454-A9DD-37D87E8A57B5}.Release|Any CPU.ActiveCfg = Release|Any CPU
		{79F04676-BBD8-4454-A9DD-37D87E8A57B5}.Release|Any CPU.Build.0 = Release|Any CPU
		{A07EC7AA-92E3-4BE4-80D6-A3635750915C}.Debug|Any CPU.ActiveCfg = Debug|Any CPU
		{A07EC7AA-92E3-4BE4-80D6-A3635750915C}.Debug|Any CPU.Build.0 = Debug|Any CPU
		{A07EC7AA-92E3-4BE4-80D6-A3635750915C}.Release|Any CPU.ActiveCfg = Release|Any CPU
		{A07EC7AA-92E3-4BE4-80D6-A3635750915C}.Release|Any CPU.Build.0 = Release|Any CPU
		{0644E02B-E92B-400F-88DF-A7663C6DB68A}.Debug|Any CPU.ActiveCfg = Debug|Any CPU
		{0644E02B-E92B-400F-88DF-A7663C6DB68A}.Debug|Any CPU.Build.0 = Debug|Any CPU
		{0644E02B-E92B-400F-88DF-A7663C6DB68A}.Release|Any CPU.ActiveCfg = Release|Any CPU
		{0644E02B-E92B-400F-88DF-A7663C6DB68A}.Release|Any CPU.Build.0 = Release|Any CPU
	EndGlobalSection
	GlobalSection(SolutionProperties) = preSolution
		HideSolutionNode = FALSE
	EndGlobalSection
	GlobalSection(ExtensibilityGlobals) = postSolution
		SolutionGuid = {FB83A6BD-199A-4A23-B5F1-0948C4AD0023}
	EndGlobalSection
EndGlobal
